
Microsoft Visual Studio Solution File, Format Version 11.00
# Visual Web Developer Express 2010
Project("{FAE04EC0-301F-11D3-BF4B-00C04F79EFBC}") = "GraffitiListView", "GraffitiListView\GraffitiListView.csproj", "{C62FFC68-81D0-45D3-A296-489C43F07384}"
EndProject
Global
	GlobalSection(SolutionConfigurationPlatforms) = preSolution
		Debug|Any CPU = Debug|Any CPU
		Release|Any CPU = Release|Any CPU
	EndGlobalSection
	GlobalSection(ProjectConfigurationPlatforms) = postSolution
		{C62FFC68-81D0-45D3-A296-489C43F07384}.Debug|Any CPU.ActiveCfg = Debug|Any CPU
		{C62FFC68-81D0-45D3-A296-489C43F07384}.Debug|Any CPU.Build.0 = Debug|Any CPU
		{C62FFC68-81D0-45D3-A296-489C43F07384}.Release|Any CPU.ActiveCfg = Release|Any CPU
		{C62FFC68-81D0-45D3-A296-489C43F07384}.Release|Any CPU.Build.0 = Release|Any CPU
	EndGlobalSection
	GlobalSection(SolutionProperties) = preSolution
		HideSolutionNode = FALSE
	EndGlobalSection
EndGlobal
